
Microsoft Visual Studio Solution File, Format Version 12.00
# Visual Studio 14
VisualStudioVersion = 14.0.24720.0
MinimumVisualStudioVersion = 10.0.40219.1
Project("{2150E333-8FDC-42A3-9474-1A3956D46DE8}") = "PrismLibrary", "PrismLibrary", "{D8415E31-EAD0-42B1-AAC7-25445F4FF6F1}"
EndProject
Project("{2150E333-8FDC-42A3-9474-1A3956D46DE8}") = "Desktop", "Desktop", "{D02596CA-5906-4869-916A-210E1B74E735}"
EndProject
Project("{FAE04EC0-301F-11D3-BF4B-00C04F79EFBC}") = "HelloWorld", "Desktop\HelloWorld\HelloWorld.csproj", "{92F3571D-BADF-4CB2-8B71-56F538D58864}"
EndProject
Project("{FAE04EC0-301F-11D3-BF4B-00C04F79EFBC}") = "Prism", "..\..\Source\Prism\Prism.csproj", "{E6C50355-D01E-4CAA-884D-D7929861315C}"
EndProject
Project("{FAE04EC0-301F-11D3-BF4B-00C04F79EFBC}") = "Prism.Perspex", "..\..\Source\Perspex\Prism.Perspex\Prism.Perspex.csproj", "{4F355315-1BD6-4408-A127-15C1278CD592}"
EndProject
Project("{FAE04EC0-301F-11D3-BF4B-00C04F79EFBC}") = "Prism.Perspex.Desktop", "..\..\Source\Perspex\Prism.Perspex.Desktop\Prism.Perspex.Desktop.csproj", "{B71CEFB7-2C4F-45AF-B6E0-318EDE11D08D}"
EndProject
Project("{FAE04EC0-301F-11D3-BF4B-00C04F79EFBC}") = "Prism.Autofac.Perspex.Desktop", "..\..\Source\Perspex\Prism.Autofac.Perspex.Desktop\Prism.Autofac.Perspex.Desktop.csproj", "{743E6F33-9748-437C-B261-89FC101A4AD1}"
EndProject
Project("{FAE04EC0-301F-11D3-BF4B-00C04F79EFBC}") = "Prism.Perspex.Mobile", "..\..\Source\Perspex\Prism.Perspex.Mobile\Prism.Perspex.Mobile.csproj", "{246791B5-B80B-4A8D-85A5-B064ACFFC565}"
EndProject
Project("{FAE04EC0-301F-11D3-BF4B-00C04F79EFBC}") = "Prism.Perspex.Android", "..\..\Source\Perspex\Prism.Perspex.Android\Prism.Perspex.Android.csproj", "{DB30B35B-C3F6-4521-A0C3-E2D4DC5812BA}"
EndProject
Project("{FAE04EC0-301F-11D3-BF4B-00C04F79EFBC}") = "Prism.Autofac.Perspex.Android", "..\..\Source\Perspex\Prism.Autofac.Perspex.Android\Prism.Autofac.Perspex.Android.csproj", "{89131D8F-E60A-4D12-BDBF-05065ACCDC63}"
EndProject
Project("{2150E333-8FDC-42A3-9474-1A3956D46DE8}") = "Mobile", "Mobile", "{F541D7F0-7577-41BE-B1CE-4C7FFDE3CB68}"
EndProject
Project("{2150E333-8FDC-42A3-9474-1A3956D46DE8}") = "Modularity", "Modularity", "{7D1D536E-7E54-4988-933A-40E80833FD4E}"
EndProject
Project("{FAE04EC0-301F-11D3-BF4B-00C04F79EFBC}") = "ModularityWithAutofac", "Desktop\Modularity\ModularityWithAutofac\ModularityWithAutofac.csproj", "{45240E19-FBB4-42DA-9B53-463F644C3A63}"
EndProject
Project("{2150E333-8FDC-42A3-9474-1A3956D46DE8}") = "Autofac", "Autofac", "{09424F59-E7DA-4BA1-91FE-4DE38145678E}"
EndProject
Project("{FAE04EC0-301F-11D3-BF4B-00C04F79EFBC}") = "ModuleA", "Desktop\Modularity\ModuleA\ModuleA.csproj", "{2C6487F2-0B87-448A-B134-5F3826EE99B6}"
EndProject
Project("{FAE04EC0-301F-11D3-BF4B-00C04F79EFBC}") = "ModuleTracking", "Desktop\Modularity\ModuleTracking\ModuleTracking.csproj", "{A82A8B64-E232-4954-933A-E73FE531E72B}"
EndProject
Project("{2150E333-8FDC-42A3-9474-1A3956D46DE8}") = "Android", "Android", "{A474DD41-A7ED-4229-AAE6-2FD61BC5ACFF}"
EndProject
Project("{FAE04EC0-301F-11D3-BF4B-00C04F79EFBC}") = "HelloWorld", "Mobile\Android\HelloWorld\HelloWorld.csproj", "{7431F737-0B6B-41B5-AB1E-84503F7045CF}"
EndProject
Project("{2150E333-8FDC-42A3-9474-1A3956D46DE8}") = "iOs", "iOs", "{AF1138B5-D06A-47A9-BEB8-E581C92D4DAC}"
EndProject
Global
	GlobalSection(SolutionConfigurationPlatforms) = preSolution
		Debug|Any CPU = Debug|Any CPU
		Release|Any CPU = Release|Any CPU
		Release-Signed|Any CPU = Release-Signed|Any CPU
	EndGlobalSection
	GlobalSection(ProjectConfigurationPlatforms) = postSolution
		{92F3571D-BADF-4CB2-8B71-56F538D58864}.Debug|Any CPU.ActiveCfg = Debug|Any CPU
		{92F3571D-BADF-4CB2-8B71-56F538D58864}.Debug|Any CPU.Build.0 = Debug|Any CPU
		{92F3571D-BADF-4CB2-8B71-56F538D58864}.Release|Any CPU.ActiveCfg = Release|Any CPU
		{92F3571D-BADF-4CB2-8B71-56F538D58864}.Release|Any CPU.Build.0 = Release|Any CPU
		{92F3571D-BADF-4CB2-8B71-56F538D58864}.Release-Signed|Any CPU.ActiveCfg = Release|Any CPU
		{92F3571D-BADF-4CB2-8B71-56F538D58864}.Release-Signed|Any CPU.Build.0 = Release|Any CPU
		{E6C50355-D01E-4CAA-884D-D7929861315C}.Debug|Any CPU.ActiveCfg = Debug|Any CPU
		{E6C50355-D01E-4CAA-884D-D7929861315C}.Debug|Any CPU.Build.0 = Debug|Any CPU
		{E6C50355-D01E-4CAA-884D-D7929861315C}.Release|Any CPU.ActiveCfg = Release|Any CPU
		{E6C50355-D01E-4CAA-884D-D7929861315C}.Release|Any CPU.Build.0 = Release|Any CPU
		{E6C50355-D01E-4CAA-884D-D7929861315C}.Release-Signed|Any CPU.ActiveCfg = Release-Signed|Any CPU
		{E6C50355-D01E-4CAA-884D-D7929861315C}.Release-Signed|Any CPU.Build.0 = Release-Signed|Any CPU
		{4F355315-1BD6-4408-A127-15C1278CD592}.Debug|Any CPU.ActiveCfg = Debug|Any CPU
		{4F355315-1BD6-4408-A127-15C1278CD592}.Debug|Any CPU.Build.0 = Debug|Any CPU
		{4F355315-1BD6-4408-A127-15C1278CD592}.Release|Any CPU.ActiveCfg = Release|Any CPU
		{4F355315-1BD6-4408-A127-15C1278CD592}.Release|Any CPU.Build.0 = Release|Any CPU
		{4F355315-1BD6-4408-A127-15C1278CD592}.Release-Signed|Any CPU.ActiveCfg = Release|Any CPU
		{4F355315-1BD6-4408-A127-15C1278CD592}.Release-Signed|Any CPU.Build.0 = Release|Any CPU
		{B71CEFB7-2C4F-45AF-B6E0-318EDE11D08D}.Debug|Any CPU.ActiveCfg = Debug|Any CPU
		{B71CEFB7-2C4F-45AF-B6E0-318EDE11D08D}.Debug|Any CPU.Build.0 = Debug|Any CPU
		{B71CEFB7-2C4F-45AF-B6E0-318EDE11D08D}.Release|Any CPU.ActiveCfg = Release|Any CPU
		{B71CEFB7-2C4F-45AF-B6E0-318EDE11D08D}.Release|Any CPU.Build.0 = Release|Any CPU
		{B71CEFB7-2C4F-45AF-B6E0-318EDE11D08D}.Release-Signed|Any CPU.ActiveCfg = Release-Signed|Any CPU
		{B71CEFB7-2C4F-45AF-B6E0-318EDE11D08D}.Release-Signed|Any CPU.Build.0 = Release-Signed|Any CPU
		{743E6F33-9748-437C-B261-89FC101A4AD1}.Debug|Any CPU.ActiveCfg = Debug|Any CPU
		{743E6F33-9748-437C-B261-89FC101A4AD1}.Debug|Any CPU.Build.0 = Debug|Any CPU
		{743E6F33-9748-437C-B261-89FC101A4AD1}.Release|Any CPU.ActiveCfg = Release|Any CPU
		{743E6F33-9748-437C-B261-89FC101A4AD1}.Release|Any CPU.Build.0 = Release|Any CPU
		{743E6F33-9748-437C-B261-89FC101A4AD1}.Release-Signed|Any CPU.ActiveCfg = Release|Any CPU
		{743E6F33-9748-437C-B261-89FC101A4AD1}.Release-Signed|Any CPU.Build.0 = Release|Any CPU
		{246791B5-B80B-4A8D-85A5-B064ACFFC565}.Debug|Any CPU.ActiveCfg = Debug|Any CPU
		{246791B5-B80B-4A8D-85A5-B064ACFFC565}.Debug|Any CPU.Build.0 = Debug|Any CPU
		{246791B5-B80B-4A8D-85A5-B064ACFFC565}.Release|Any CPU.ActiveCfg = Release|Any CPU
		{246791B5-B80B-4A8D-85A5-B064ACFFC565}.Release|Any CPU.Build.0 = Release|Any CPU
		{246791B5-B80B-4A8D-85A5-B064ACFFC565}.Release-Signed|Any CPU.ActiveCfg = Release|Any CPU
		{246791B5-B80B-4A8D-85A5-B064ACFFC565}.Release-Signed|Any CPU.Build.0 = Release|Any CPU
		{DB30B35B-C3F6-4521-A0C3-E2D4DC5812BA}.Debug|Any CPU.ActiveCfg = Debug|Any CPU
		{DB30B35B-C3F6-4521-A0C3-E2D4DC5812BA}.Debug|Any CPU.Build.0 = Debug|Any CPU
		{DB30B35B-C3F6-4521-A0C3-E2D4DC5812BA}.Release|Any CPU.ActiveCfg = Release|Any CPU
		{DB30B35B-C3F6-4521-A0C3-E2D4DC5812BA}.Release|Any CPU.Build.0 = Release|Any CPU
		{DB30B35B-C3F6-4521-A0C3-E2D4DC5812BA}.Release-Signed|Any CPU.ActiveCfg = Release|Any CPU
		{DB30B35B-C3F6-4521-A0C3-E2D4DC5812BA}.Release-Signed|Any CPU.Build.0 = Release|Any CPU
		{89131D8F-E60A-4D12-BDBF-05065ACCDC63}.Debug|Any CPU.ActiveCfg = Debug|Any CPU
		{89131D8F-E60A-4D12-BDBF-05065ACCDC63}.Debug|Any CPU.Build.0 = Debug|Any CPU
		{89131D8F-E60A-4D12-BDBF-05065ACCDC63}.Release|Any CPU.ActiveCfg = Release|Any CPU
		{89131D8F-E60A-4D12-BDBF-05065ACCDC63}.Release|Any CPU.Build.0 = Release|Any CPU
		{89131D8F-E60A-4D12-BDBF-05065ACCDC63}.Release-Signed|Any CPU.ActiveCfg = Release|Any CPU
		{89131D8F-E60A-4D12-BDBF-05065ACCDC63}.Release-Signed|Any CPU.Build.0 = Release|Any CPU
		{45240E19-FBB4-42DA-9B53-463F644C3A63}.Debug|Any CPU.ActiveCfg = Debug|Any CPU
		{45240E19-FBB4-42DA-9B53-463F644C3A63}.Debug|Any CPU.Build.0 = Debug|Any CPU
		{45240E19-FBB4-42DA-9B53-463F644C3A63}.Release|Any CPU.ActiveCfg = Release|Any CPU
		{45240E19-FBB4-42DA-9B53-463F644C3A63}.Release|Any CPU.Build.0 = Release|Any CPU
		{45240E19-FBB4-42DA-9B53-463F644C3A63}.Release-Signed|Any CPU.ActiveCfg = Release|Any CPU
		{45240E19-FBB4-42DA-9B53-463F644C3A63}.Release-Signed|Any CPU.Build.0 = Release|Any CPU
		{2C6487F2-0B87-448A-B134-5F3826EE99B6}.Debug|Any CPU.ActiveCfg = Debug|Any CPU
		{2C6487F2-0B87-448A-B134-5F3826EE99B6}.Debug|Any CPU.Build.0 = Debug|Any CPU
		{2C6487F2-0B87-448A-B134-5F3826EE99B6}.Release|Any CPU.ActiveCfg = Release|Any CPU
		{2C6487F2-0B87-448A-B134-5F3826EE99B6}.Release|Any CPU.Build.0 = Release|Any CPU
		{2C6487F2-0B87-448A-B134-5F3826EE99B6}.Release-Signed|Any CPU.ActiveCfg = Release|Any CPU
		{2C6487F2-0B87-448A-B134-5F3826EE99B6}.Release-Signed|Any CPU.Build.0 = Release|Any CPU
		{A82A8B64-E232-4954-933A-E73FE531E72B}.Debug|Any CPU.ActiveCfg = Debug|Any CPU
		{A82A8B64-E232-4954-933A-E73FE531E72B}.Debug|Any CPU.Build.0 = Debug|Any CPU
		{A82A8B64-E232-4954-933A-E73FE531E72B}.Release|Any CPU.ActiveCfg = Release|Any CPU
		{A82A8B64-E232-4954-933A-E73FE531E72B}.Release|Any CPU.Build.0 = Release|Any CPU
		{A82A8B64-E232-4954-933A-E73FE531E72B}.Release-Signed|Any CPU.ActiveCfg = Release|Any CPU
		{A82A8B64-E232-4954-933A-E73FE531E72B}.Release-Signed|Any CPU.Build.0 = Release|Any CPU
		{7431F737-0B6B-41B5-AB1E-84503F7045CF}.Debug|Any CPU.ActiveCfg = Debug|Any CPU
		{7431F737-0B6B-41B5-AB1E-84503F7045CF}.Debug|Any CPU.Build.0 = Debug|Any CPU
		{7431F737-0B6B-41B5-AB1E-84503F7045CF}.Debug|Any CPU.Deploy.0 = Debug|Any CPU
		{7431F737-0B6B-41B5-AB1E-84503F7045CF}.Release|Any CPU.ActiveCfg = Release|Any CPU
		{7431F737-0B6B-41B5-AB1E-84503F7045CF}.Release|Any CPU.Build.0 = Release|Any CPU
		{7431F737-0B6B-41B5-AB1E-84503F7045CF}.Release|Any CPU.Deploy.0 = Release|Any CPU
		{7431F737-0B6B-41B5-AB1E-84503F7045CF}.Release-Signed|Any CPU.ActiveCfg = Release|Any CPU
		{7431F737-0B6B-41B5-AB1E-84503F7045CF}.Release-Signed|Any CPU.Build.0 = Release|Any CPU
		{7431F737-0B6B-41B5-AB1E-84503F7045CF}.Release-Signed|Any CPU.Deploy.0 = Release|Any CPU
	EndGlobalSection
	GlobalSection(SolutionProperties) = preSolution
		HideSolutionNode = FALSE
	EndGlobalSection
	GlobalSection(NestedProjects) = preSolution
		{92F3571D-BADF-4CB2-8B71-56F538D58864} = {D02596CA-5906-4869-916A-210E1B74E735}
		{E6C50355-D01E-4CAA-884D-D7929861315C} = {D8415E31-EAD0-42B1-AAC7-25445F4FF6F1}
		{4F355315-1BD6-4408-A127-15C1278CD592} = {D8415E31-EAD0-42B1-AAC7-25445F4FF6F1}
		{B71CEFB7-2C4F-45AF-B6E0-318EDE11D08D} = {D8415E31-EAD0-42B1-AAC7-25445F4FF6F1}
		{743E6F33-9748-437C-B261-89FC101A4AD1} = {D8415E31-EAD0-42B1-AAC7-25445F4FF6F1}
		{246791B5-B80B-4A8D-85A5-B064ACFFC565} = {D8415E31-EAD0-42B1-AAC7-25445F4FF6F1}
		{DB30B35B-C3F6-4521-A0C3-E2D4DC5812BA} = {D8415E31-EAD0-42B1-AAC7-25445F4FF6F1}
		{89131D8F-E60A-4D12-BDBF-05065ACCDC63} = {D8415E31-EAD0-42B1-AAC7-25445F4FF6F1}
		{7D1D536E-7E54-4988-933A-40E80833FD4E} = {D02596CA-5906-4869-916A-210E1B74E735}
		{45240E19-FBB4-42DA-9B53-463F644C3A63} = {09424F59-E7DA-4BA1-91FE-4DE38145678E}
		{09424F59-E7DA-4BA1-91FE-4DE38145678E} = {7D1D536E-7E54-4988-933A-40E80833FD4E}
		{2C6487F2-0B87-448A-B134-5F3826EE99B6} = {7D1D536E-7E54-4988-933A-40E80833FD4E}
		{A82A8B64-E232-4954-933A-E73FE531E72B} = {7D1D536E-7E54-4988-933A-40E80833FD4E}
		{A474DD41-A7ED-4229-AAE6-2FD61BC5ACFF} = {F541D7F0-7577-41BE-B1CE-4C7FFDE3CB68}
		{7431F737-0B6B-41B5-AB1E-84503F7045CF} = {A474DD41-A7ED-4229-AAE6-2FD61BC5ACFF}
		{AF1138B5-D06A-47A9-BEB8-E581C92D4DAC} = {F541D7F0-7577-41BE-B1CE-4C7FFDE3CB68}
	EndGlobalSection
EndGlobal
