
Microsoft Visual Studio Solution File, Format Version 12.00
# Visual Studio 14
VisualStudioVersion = 14.0.24720.0
MinimumVisualStudioVersion = 10.0.40219.1
Project("{2150E333-8FDC-42A3-9474-1A3956D46DE8}") = "Core", "Core", "{6F92F06C-5719-4341-A261-DCF22E331147}"
EndProject
Project("{2150E333-8FDC-42A3-9474-1A3956D46DE8}") = "Tests", "Tests", "{16DC90A3-C36A-4457-A055-16960075168B}"
EndProject
Project("{2150E333-8FDC-42A3-9474-1A3956D46DE8}") = "Samples", "Samples", "{F30535F5-6047-422C-8A98-DF1AF946A020}"
EndProject
Project("{FAE04EC0-301F-11D3-BF4B-00C04F79EFBC}") = "Prism", "Prism\Prism.csproj", "{E6C50355-D01E-4CAA-884D-D7929861315C}"
EndProject
Project("{FAE04EC0-301F-11D3-BF4B-00C04F79EFBC}") = "Prism.Perspex", "Perspex\Prism.Perspex\Prism.Perspex.csproj", "{4F355315-1BD6-4408-A127-15C1278CD592}"
EndProject
Project("{FAE04EC0-301F-11D3-BF4B-00C04F79EFBC}") = "Prism.Perspex.Desktop", "Perspex\Prism.Perspex.Desktop\Prism.Perspex.Desktop.csproj", "{B71CEFB7-2C4F-45AF-B6E0-318EDE11D08D}"
EndProject
Project("{FAE04EC0-301F-11D3-BF4B-00C04F79EFBC}") = "Prism.Autofac.Perspex.Desktop", "Perspex\Prism.Autofac.Perspex.Desktop\Prism.Autofac.Perspex.Desktop.csproj", "{743E6F33-9748-437C-B261-89FC101A4AD1}"
EndProject
Project("{FAE04EC0-301F-11D3-BF4B-00C04F79EFBC}") = "HelloWorld", "..\Samples\Perspex\Desktop\HelloWorld\HelloWorld.csproj", "{92F3571D-BADF-4CB2-8B71-56F538D58864}"
EndProject
Project("{2150E333-8FDC-42A3-9474-1A3956D46DE8}") = "Desktop", "Desktop", "{77C0B6D3-4380-48DF-8A8D-5CD28B6DAD0A}"
EndProject
Project("{2150E333-8FDC-42A3-9474-1A3956D46DE8}") = "Mobile", "Mobile", "{C0AEDFE0-597D-4E12-93BB-5A0B2BB84662}"
EndProject
Project("{FAE04EC0-301F-11D3-BF4B-00C04F79EFBC}") = "Prism.Perspex.Mobile", "Perspex\Prism.Perspex.Mobile\Prism.Perspex.Mobile.csproj", "{246791B5-B80B-4A8D-85A5-B064ACFFC565}"
EndProject
Project("{FAE04EC0-301F-11D3-BF4B-00C04F79EFBC}") = "Prism.Perspex.Android", "Perspex\Prism.Perspex.Android\Prism.Perspex.Android.csproj", "{DB30B35B-C3F6-4521-A0C3-E2D4DC5812BA}"
EndProject
Project("{FAE04EC0-301F-11D3-BF4B-00C04F79EFBC}") = "Prism.Autofac.Perspex.Android", "Perspex\Prism.Autofac.Perspex.Android\Prism.Autofac.Perspex.Android.csproj", "{89131D8F-E60A-4D12-BDBF-05065ACCDC63}"
EndProject
Project("{2150E333-8FDC-42A3-9474-1A3956D46DE8}") = "Android", "Android", "{FEDE4D83-94E5-44FD-8CCC-A699866B888B}"
EndProject
Project("{FAE04EC0-301F-11D3-BF4B-00C04F79EFBC}") = "HelloWorld", "..\Samples\Perspex\Mobile\Android\HelloWorld\HelloWorld.csproj", "{7431F737-0B6B-41B5-AB1E-84503F7045CF}"
EndProject
Project("{2150E333-8FDC-42A3-9474-1A3956D46DE8}") = "Modularity", "Modularity", "{13B03EFF-7C7E-47BA-869A-AF8C62D0A74A}"
EndProject
Project("{2150E333-8FDC-42A3-9474-1A3956D46DE8}") = "Autofac", "Autofac", "{EC2F566B-7A04-4CC5-852A-5C22A4B1B87D}"
EndProject
Project("{FAE04EC0-301F-11D3-BF4B-00C04F79EFBC}") = "ModularityWithAutofac", "..\Samples\Perspex\Desktop\Modularity\ModularityWithAutofac\ModularityWithAutofac.csproj", "{45240E19-FBB4-42DA-9B53-463F644C3A63}"
EndProject
Project("{FAE04EC0-301F-11D3-BF4B-00C04F79EFBC}") = "ModuleA", "..\Samples\Perspex\Desktop\Modularity\ModuleA\ModuleA.csproj", "{2C6487F2-0B87-448A-B134-5F3826EE99B6}"
EndProject
Project("{FAE04EC0-301F-11D3-BF4B-00C04F79EFBC}") = "ModuleTracking", "..\Samples\Perspex\Desktop\Modularity\ModuleTracking\ModuleTracking.csproj", "{A82A8B64-E232-4954-933A-E73FE531E72B}"
EndProject
Project("{FAE04EC0-301F-11D3-BF4B-00C04F79EFBC}") = "Prism.Perspex.Autofac.Desktop.Tests", "Perspex\Prism.Perspex.Autofac.Desktop.Tests\Prism.Perspex.Autofac.Desktop.Tests.csproj", "{10B0168F-D7C4-4EDD-AD86-F10805F53275}"
EndProject
Project("{FAE04EC0-301F-11D3-BF4B-00C04F79EFBC}") = "Prism.Perspex.Tests", "Perspex\Prism.Perspex.Tests\Prism.Perspex.Tests.csproj", "{B74976BA-6411-4FBD-88F4-CD033C39AFF2}"
EndProject
Project("{FAE04EC0-301F-11D3-BF4B-00C04F79EFBC}") = "Prism.Perspex.Desktop.Tests", "Perspex\Prism.Perspex.Desktop.Tests\Prism.Perspex.Desktop.Tests.csproj", "{93FCEC0D-EE1B-4641-8CED-8FE257D1AD9C}"
EndProject
Project("{2150E333-8FDC-42A3-9474-1A3956D46DE8}") = "iOs", "iOs", "{3B18CBDD-6EF5-4A6A-988C-77F5503BD459}"
EndProject
Project("{FAE04EC0-301F-11D3-BF4B-00C04F79EFBC}") = "Prism.Modularity", "Prism.Modularity\Prism.Modularity.csproj", "{9F367A6D-5C14-4849-87FA-942591DA7E7E}"
EndProject
Global
	GlobalSection(SolutionConfigurationPlatforms) = preSolution
		Debug|Any CPU = Debug|Any CPU
		Release|Any CPU = Release|Any CPU
		Release-Signed|Any CPU = Release-Signed|Any CPU
	EndGlobalSection
	GlobalSection(ProjectConfigurationPlatforms) = postSolution
		{E6C50355-D01E-4CAA-884D-D7929861315C}.Debug|Any CPU.ActiveCfg = Debug|Any CPU
		{E6C50355-D01E-4CAA-884D-D7929861315C}.Debug|Any CPU.Build.0 = Debug|Any CPU
		{E6C50355-D01E-4CAA-884D-D7929861315C}.Release|Any CPU.ActiveCfg = Release|Any CPU
		{E6C50355-D01E-4CAA-884D-D7929861315C}.Release|Any CPU.Build.0 = Release|Any CPU
		{E6C50355-D01E-4CAA-884D-D7929861315C}.Release-Signed|Any CPU.ActiveCfg = Release-Signed|Any CPU
		{E6C50355-D01E-4CAA-884D-D7929861315C}.Release-Signed|Any CPU.Build.0 = Release-Signed|Any CPU
		{4F355315-1BD6-4408-A127-15C1278CD592}.Debug|Any CPU.ActiveCfg = Debug|Any CPU
		{4F355315-1BD6-4408-A127-15C1278CD592}.Debug|Any CPU.Build.0 = Debug|Any CPU
		{4F355315-1BD6-4408-A127-15C1278CD592}.Release|Any CPU.ActiveCfg = Release|Any CPU
		{4F355315-1BD6-4408-A127-15C1278CD592}.Release|Any CPU.Build.0 = Release|Any CPU
		{4F355315-1BD6-4408-A127-15C1278CD592}.Release-Signed|Any CPU.ActiveCfg = Release|Any CPU
		{4F355315-1BD6-4408-A127-15C1278CD592}.Release-Signed|Any CPU.Build.0 = Release|Any CPU
		{B71CEFB7-2C4F-45AF-B6E0-318EDE11D08D}.Debug|Any CPU.ActiveCfg = Debug|Any CPU
		{B71CEFB7-2C4F-45AF-B6E0-318EDE11D08D}.Debug|Any CPU.Build.0 = Debug|Any CPU
		{B71CEFB7-2C4F-45AF-B6E0-318EDE11D08D}.Release|Any CPU.ActiveCfg = Release|Any CPU
		{B71CEFB7-2C4F-45AF-B6E0-318EDE11D08D}.Release|Any CPU.Build.0 = Release|Any CPU
		{B71CEFB7-2C4F-45AF-B6E0-318EDE11D08D}.Release-Signed|Any CPU.ActiveCfg = Release-Signed|Any CPU
		{B71CEFB7-2C4F-45AF-B6E0-318EDE11D08D}.Release-Signed|Any CPU.Build.0 = Release-Signed|Any CPU
		{743E6F33-9748-437C-B261-89FC101A4AD1}.Debug|Any CPU.ActiveCfg = Debug|Any CPU
		{743E6F33-9748-437C-B261-89FC101A4AD1}.Debug|Any CPU.Build.0 = Debug|Any CPU
		{743E6F33-9748-437C-B261-89FC101A4AD1}.Release|Any CPU.ActiveCfg = Release|Any CPU
		{743E6F33-9748-437C-B261-89FC101A4AD1}.Release|Any CPU.Build.0 = Release|Any CPU
		{743E6F33-9748-437C-B261-89FC101A4AD1}.Release-Signed|Any CPU.ActiveCfg = Release|Any CPU
		{743E6F33-9748-437C-B261-89FC101A4AD1}.Release-Signed|Any CPU.Build.0 = Release|Any CPU
		{92F3571D-BADF-4CB2-8B71-56F538D58864}.Debug|Any CPU.ActiveCfg = Debug|Any CPU
		{92F3571D-BADF-4CB2-8B71-56F538D58864}.Debug|Any CPU.Build.0 = Debug|Any CPU
		{92F3571D-BADF-4CB2-8B71-56F538D58864}.Release|Any CPU.ActiveCfg = Release|Any CPU
		{92F3571D-BADF-4CB2-8B71-56F538D58864}.Release|Any CPU.Build.0 = Release|Any CPU
		{92F3571D-BADF-4CB2-8B71-56F538D58864}.Release-Signed|Any CPU.ActiveCfg = Release|Any CPU
		{92F3571D-BADF-4CB2-8B71-56F538D58864}.Release-Signed|Any CPU.Build.0 = Release|Any CPU
		{246791B5-B80B-4A8D-85A5-B064ACFFC565}.Debug|Any CPU.ActiveCfg = Debug|Any CPU
		{246791B5-B80B-4A8D-85A5-B064ACFFC565}.Debug|Any CPU.Build.0 = Debug|Any CPU
		{246791B5-B80B-4A8D-85A5-B064ACFFC565}.Release|Any CPU.ActiveCfg = Release|Any CPU
		{246791B5-B80B-4A8D-85A5-B064ACFFC565}.Release|Any CPU.Build.0 = Release|Any CPU
		{246791B5-B80B-4A8D-85A5-B064ACFFC565}.Release-Signed|Any CPU.ActiveCfg = Release|Any CPU
		{246791B5-B80B-4A8D-85A5-B064ACFFC565}.Release-Signed|Any CPU.Build.0 = Release|Any CPU
		{DB30B35B-C3F6-4521-A0C3-E2D4DC5812BA}.Debug|Any CPU.ActiveCfg = Debug|Any CPU
		{DB30B35B-C3F6-4521-A0C3-E2D4DC5812BA}.Debug|Any CPU.Build.0 = Debug|Any CPU
		{DB30B35B-C3F6-4521-A0C3-E2D4DC5812BA}.Release|Any CPU.ActiveCfg = Release|Any CPU
		{DB30B35B-C3F6-4521-A0C3-E2D4DC5812BA}.Release|Any CPU.Build.0 = Release|Any CPU
		{DB30B35B-C3F6-4521-A0C3-E2D4DC5812BA}.Release-Signed|Any CPU.ActiveCfg = Release|Any CPU
		{DB30B35B-C3F6-4521-A0C3-E2D4DC5812BA}.Release-Signed|Any CPU.Build.0 = Release|Any CPU
		{89131D8F-E60A-4D12-BDBF-05065ACCDC63}.Debug|Any CPU.ActiveCfg = Debug|Any CPU
		{89131D8F-E60A-4D12-BDBF-05065ACCDC63}.Debug|Any CPU.Build.0 = Debug|Any CPU
		{89131D8F-E60A-4D12-BDBF-05065ACCDC63}.Release|Any CPU.ActiveCfg = Release|Any CPU
		{89131D8F-E60A-4D12-BDBF-05065ACCDC63}.Release|Any CPU.Build.0 = Release|Any CPU
		{89131D8F-E60A-4D12-BDBF-05065ACCDC63}.Release-Signed|Any CPU.ActiveCfg = Release|Any CPU
		{89131D8F-E60A-4D12-BDBF-05065ACCDC63}.Release-Signed|Any CPU.Build.0 = Release|Any CPU
		{7431F737-0B6B-41B5-AB1E-84503F7045CF}.Debug|Any CPU.ActiveCfg = Debug|Any CPU
		{7431F737-0B6B-41B5-AB1E-84503F7045CF}.Debug|Any CPU.Build.0 = Debug|Any CPU
		{7431F737-0B6B-41B5-AB1E-84503F7045CF}.Debug|Any CPU.Deploy.0 = Debug|Any CPU
		{7431F737-0B6B-41B5-AB1E-84503F7045CF}.Release|Any CPU.ActiveCfg = Release|Any CPU
		{7431F737-0B6B-41B5-AB1E-84503F7045CF}.Release|Any CPU.Build.0 = Release|Any CPU
		{7431F737-0B6B-41B5-AB1E-84503F7045CF}.Release|Any CPU.Deploy.0 = Release|Any CPU
		{7431F737-0B6B-41B5-AB1E-84503F7045CF}.Release-Signed|Any CPU.ActiveCfg = Release|Any CPU
		{7431F737-0B6B-41B5-AB1E-84503F7045CF}.Release-Signed|Any CPU.Build.0 = Release|Any CPU
		{7431F737-0B6B-41B5-AB1E-84503F7045CF}.Release-Signed|Any CPU.Deploy.0 = Release|Any CPU
		{45240E19-FBB4-42DA-9B53-463F644C3A63}.Debug|Any CPU.ActiveCfg = Debug|Any CPU
		{45240E19-FBB4-42DA-9B53-463F644C3A63}.Debug|Any CPU.Build.0 = Debug|Any CPU
		{45240E19-FBB4-42DA-9B53-463F644C3A63}.Release|Any CPU.ActiveCfg = Release|Any CPU
		{45240E19-FBB4-42DA-9B53-463F644C3A63}.Release|Any CPU.Build.0 = Release|Any CPU
		{45240E19-FBB4-42DA-9B53-463F644C3A63}.Release-Signed|Any CPU.ActiveCfg = Release|Any CPU
		{45240E19-FBB4-42DA-9B53-463F644C3A63}.Release-Signed|Any CPU.Build.0 = Release|Any CPU
		{2C6487F2-0B87-448A-B134-5F3826EE99B6}.Debug|Any CPU.ActiveCfg = Debug|Any CPU
		{2C6487F2-0B87-448A-B134-5F3826EE99B6}.Debug|Any CPU.Build.0 = Debug|Any CPU
		{2C6487F2-0B87-448A-B134-5F3826EE99B6}.Release|Any CPU.ActiveCfg = Release|Any CPU
		{2C6487F2-0B87-448A-B134-5F3826EE99B6}.Release|Any CPU.Build.0 = Release|Any CPU
		{2C6487F2-0B87-448A-B134-5F3826EE99B6}.Release-Signed|Any CPU.ActiveCfg = Release|Any CPU
		{2C6487F2-0B87-448A-B134-5F3826EE99B6}.Release-Signed|Any CPU.Build.0 = Release|Any CPU
		{A82A8B64-E232-4954-933A-E73FE531E72B}.Debug|Any CPU.ActiveCfg = Debug|Any CPU
		{A82A8B64-E232-4954-933A-E73FE531E72B}.Debug|Any CPU.Build.0 = Debug|Any CPU
		{A82A8B64-E232-4954-933A-E73FE531E72B}.Release|Any CPU.ActiveCfg = Release|Any CPU
		{A82A8B64-E232-4954-933A-E73FE531E72B}.Release|Any CPU.Build.0 = Release|Any CPU
		{A82A8B64-E232-4954-933A-E73FE531E72B}.Release-Signed|Any CPU.ActiveCfg = Release|Any CPU
		{A82A8B64-E232-4954-933A-E73FE531E72B}.Release-Signed|Any CPU.Build.0 = Release|Any CPU
		{10B0168F-D7C4-4EDD-AD86-F10805F53275}.Debug|Any CPU.ActiveCfg = Debug|Any CPU
		{10B0168F-D7C4-4EDD-AD86-F10805F53275}.Debug|Any CPU.Build.0 = Debug|Any CPU
		{10B0168F-D7C4-4EDD-AD86-F10805F53275}.Release|Any CPU.ActiveCfg = Release|Any CPU
		{10B0168F-D7C4-4EDD-AD86-F10805F53275}.Release|Any CPU.Build.0 = Release|Any CPU
		{10B0168F-D7C4-4EDD-AD86-F10805F53275}.Release-Signed|Any CPU.ActiveCfg = Release|Any CPU
		{10B0168F-D7C4-4EDD-AD86-F10805F53275}.Release-Signed|Any CPU.Build.0 = Release|Any CPU
		{B74976BA-6411-4FBD-88F4-CD033C39AFF2}.Debug|Any CPU.ActiveCfg = Debug|Any CPU
		{B74976BA-6411-4FBD-88F4-CD033C39AFF2}.Debug|Any CPU.Build.0 = Debug|Any CPU
		{B74976BA-6411-4FBD-88F4-CD033C39AFF2}.Release|Any CPU.ActiveCfg = Release|Any CPU
		{B74976BA-6411-4FBD-88F4-CD033C39AFF2}.Release|Any CPU.Build.0 = Release|Any CPU
		{B74976BA-6411-4FBD-88F4-CD033C39AFF2}.Release-Signed|Any CPU.ActiveCfg = Release|Any CPU
		{B74976BA-6411-4FBD-88F4-CD033C39AFF2}.Release-Signed|Any CPU.Build.0 = Release|Any CPU
		{93FCEC0D-EE1B-4641-8CED-8FE257D1AD9C}.Debug|Any CPU.ActiveCfg = Debug|Any CPU
		{93FCEC0D-EE1B-4641-8CED-8FE257D1AD9C}.Debug|Any CPU.Build.0 = Debug|Any CPU
		{93FCEC0D-EE1B-4641-8CED-8FE257D1AD9C}.Release|Any CPU.ActiveCfg = Release|Any CPU
		{93FCEC0D-EE1B-4641-8CED-8FE257D1AD9C}.Release|Any CPU.Build.0 = Release|Any CPU
		{93FCEC0D-EE1B-4641-8CED-8FE257D1AD9C}.Release-Signed|Any CPU.ActiveCfg = Release|Any CPU
		{93FCEC0D-EE1B-4641-8CED-8FE257D1AD9C}.Release-Signed|Any CPU.Build.0 = Release|Any CPU
		{9F367A6D-5C14-4849-87FA-942591DA7E7E}.Debug|Any CPU.ActiveCfg = Debug|Any CPU
		{9F367A6D-5C14-4849-87FA-942591DA7E7E}.Debug|Any CPU.Build.0 = Debug|Any CPU
		{9F367A6D-5C14-4849-87FA-942591DA7E7E}.Release|Any CPU.ActiveCfg = Release|Any CPU
		{9F367A6D-5C14-4849-87FA-942591DA7E7E}.Release|Any CPU.Build.0 = Release|Any CPU
		{9F367A6D-5C14-4849-87FA-942591DA7E7E}.Release-Signed|Any CPU.ActiveCfg = Release|Any CPU
		{9F367A6D-5C14-4849-87FA-942591DA7E7E}.Release-Signed|Any CPU.Build.0 = Release|Any CPU
	EndGlobalSection
	GlobalSection(SolutionProperties) = preSolution
		HideSolutionNode = FALSE
	EndGlobalSection
	GlobalSection(NestedProjects) = preSolution
		{E6C50355-D01E-4CAA-884D-D7929861315C} = {6F92F06C-5719-4341-A261-DCF22E331147}
		{92F3571D-BADF-4CB2-8B71-56F538D58864} = {77C0B6D3-4380-48DF-8A8D-5CD28B6DAD0A}
		{77C0B6D3-4380-48DF-8A8D-5CD28B6DAD0A} = {F30535F5-6047-422C-8A98-DF1AF946A020}
		{C0AEDFE0-597D-4E12-93BB-5A0B2BB84662} = {F30535F5-6047-422C-8A98-DF1AF946A020}
		{FEDE4D83-94E5-44FD-8CCC-A699866B888B} = {C0AEDFE0-597D-4E12-93BB-5A0B2BB84662}
		{7431F737-0B6B-41B5-AB1E-84503F7045CF} = {FEDE4D83-94E5-44FD-8CCC-A699866B888B}
		{13B03EFF-7C7E-47BA-869A-AF8C62D0A74A} = {77C0B6D3-4380-48DF-8A8D-5CD28B6DAD0A}
		{EC2F566B-7A04-4CC5-852A-5C22A4B1B87D} = {13B03EFF-7C7E-47BA-869A-AF8C62D0A74A}
		{45240E19-FBB4-42DA-9B53-463F644C3A63} = {EC2F566B-7A04-4CC5-852A-5C22A4B1B87D}
		{2C6487F2-0B87-448A-B134-5F3826EE99B6} = {13B03EFF-7C7E-47BA-869A-AF8C62D0A74A}
		{A82A8B64-E232-4954-933A-E73FE531E72B} = {13B03EFF-7C7E-47BA-869A-AF8C62D0A74A}
		{10B0168F-D7C4-4EDD-AD86-F10805F53275} = {16DC90A3-C36A-4457-A055-16960075168B}
		{B74976BA-6411-4FBD-88F4-CD033C39AFF2} = {16DC90A3-C36A-4457-A055-16960075168B}
		{93FCEC0D-EE1B-4641-8CED-8FE257D1AD9C} = {16DC90A3-C36A-4457-A055-16960075168B}
		{3B18CBDD-6EF5-4A6A-988C-77F5503BD459} = {C0AEDFE0-597D-4E12-93BB-5A0B2BB84662}
	EndGlobalSection
EndGlobal
